
Microsoft Visual Studio Solution File, Format Version 12.00
# Visual Studio Version 17
VisualStudioVersion = 17.6.33815.320
MinimumVisualStudioVersion = 10.0.40219.1
Project("{FAE04EC0-301F-11D3-BF4B-00C04F79EFBC}") = "chimera_editor", "chimera_editor.csproj", "{99C38F6E-9366-4760-859A-3430EDF185E8}"
EndProject
Global
	GlobalSection(SolutionConfigurationPlatforms) = preSolution
		Debug|Any CPU = Debug|Any CPU
		Release|Any CPU = Release|Any CPU
	EndGlobalSection
	GlobalSection(ProjectConfigurationPlatforms) = postSolution
		{99C38F6E-9366-4760-859A-3430EDF185E8}.Debug|Any CPU.ActiveCfg = Debug|Any CPU
		{99C38F6E-9366-4760-859A-3430EDF185E8}.Debug|Any CPU.Build.0 = Debug|Any CPU
		{99C38F6E-9366-4760-859A-3430EDF185E8}.Release|Any CPU.ActiveCfg = Release|Any CPU
		{99C38F6E-9366-4760-859A-3430EDF185E8}.Release|Any CPU.Build.0 = Release|Any CPU
	EndGlobalSection
	GlobalSection(SolutionProperties) = preSolution
		HideSolutionNode = FALSE
	EndGlobalSection
	GlobalSection(ExtensibilityGlobals) = postSolution
		SolutionGuid = {AFC5BBBA-CCE1-43E8-B927-0D96587B3F92}
	EndGlobalSection
EndGlobal
